{
  "nodes": {
    "agent-machinery-source": {
      "flake": false,
      "locked": {
        "lastModified": 1788041839,
        "narHash": "sha256-mndvkCTcNVS0UcvkuUe2mbjycVml59AVC2bpIhtduPc=",
        "owner": "tompassarelli",
        "repo": "agent-machinery",
        "rev": "8a3f1cdbd1d6797d5db34477211f8b8ab03c1953",
        "type": "github"
      },
      "original": {
        "owner": "tompassarelli",
        "repo": "agent-machinery",
        "rev": "8a3f1cdbd1d6797d5db34477211f8b8ab03c1953",
        "type": "github"
      }
    },
    "beagle-engine-source": {
      "flake": false,
      "locked": {
        "lastModified": 1788080001,
        "narHash": "sha256-5UZidItaeIfGKEz0Z17C8c5aHFrNEziQWsMc+2SJHKk=",
        "owner": "tompassarelli",
        "repo": "beagle",
        "rev": "b7193648fbd70fc0894090aff02a8ae63a8c6eeb",
        "type": "github"
      },
      "original": {
        "owner": "tompassarelli",
        "repo": "beagle",
        "rev": "b7193648fbd70fc0894090aff02a8ae63a8c6eeb",
        "type": "github"
      }
    },
    "flake-utils": {
      "inputs": {
        "systems": "systems"
      },
      "locked": {
        "lastModified": 1731533236,
        "narHash": "sha256-l0KFg5HjrsfsO/JpG+r7fRrqm12kzFHyUHqHCVpMMbI=",
        "owner": "numtide",
        "repo": "flake-utils",
        "rev": "11707dc2f618dd54ca8739b309ec4fc024de578b",
        "type": "github"
      },
      "original": {
        "owner": "numtide",
        "repo": "flake-utils",
        "type": "github"
      }
    },
    "nixpkgs": {
      "locked": {
        "lastModified": 1782467914,
        "narHash": "sha256-pGvFkM8N0xEkIIXDe5YYfbEAvHrk4IxBrjB/x8OomhE=",
        "owner": "NixOS",
        "repo": "nixpkgs",
        "rev": "e73de5be04e0eff4190a1432b946d469c794e7b4",
        "type": "github"
      },
      "original": {
        "owner": "NixOS",
        "ref": "nixos-unstable",
        "repo": "nixpkgs",
        "type": "github"
      }
    },
    "nixpkgs-master": {
      "locked": {
        "lastModified": 1785599875,
        "narHash": "sha256-SbGPDHv6B7t1ao1vVz7iGy0Y5bFyf/eFG5LvESbCXb4=",
        "owner": "NixOS",
        "repo": "nixpkgs",
        "rev": "34c55e251b6b61584d17387a3df0a19f035292bb",
        "type": "github"
      },
      "original": {
        "owner": "NixOS",
        "ref": "master",
        "repo": "nixpkgs",
        "type": "github"
      }
    },
    "root": {
      "inputs": {
        "agent-machinery-source": "agent-machinery-source",
        "beagle-engine-source": "beagle-engine-source",
        "flake-utils": "flake-utils",
        "nixpkgs": "nixpkgs",
        "nixpkgs-master": "nixpkgs-master"
      }
    },
    "systems": {
      "locked": {
        "lastModified": 1681028828,
        "narHash": "sha256-Vy1rq5AaRuLzOxct8nz4T6wlgyUR7zLU309k9mBC768=",
        "owner": "nix-systems",
        "repo": "default",
        "rev": "da67096a3b9bf56a91d16901293e51ba5b49a27e",
        "type": "github"
      },
      "original": {
        "owner": "nix-systems",
        "repo": "default",
        "type": "github"
      }
    }
  },
  "root": "root",
  "version": 7
}
